
Microsoft Visual Studio Solution File, Format Version 12.00
# Visual Studio Version 16
VisualStudioVersion = 16.0.28902.138
MinimumVisualStudioVersion = 10.0.40219.1
Project("{FAE04EC0-301F-11D3-BF4B-00C04F79EFBC}") = "SingnOfIntegerNumber", "SingnOfIntegerNumber\SingnOfIntegerNumber.csproj", "{A6080C5C-B1D6-4BAB-956F-1BB78A76C356}"
EndProject
Project("{FAE04EC0-301F-11D3-BF4B-00C04F79EFBC}") = "Grades", "Grades\Grades.csproj", "{D2861A04-BE31-4EE0-B3DD-0A7EC8783AB2}"
EndProject
Project("{FAE04EC0-301F-11D3-BF4B-00C04F79EFBC}") = "Calculations", "Calculations\Calculations.csproj", "{620E00DE-B04D-4628-A05A-DB19A3868362}"
EndProject
Project("{FAE04EC0-301F-11D3-BF4B-00C04F79EFBC}") = "PrintingTriangle", "PrintingTriangle\PrintingTriangle.csproj", "{1F4615E7-F3F4-4577-91B6-8FC8D417E7A7}"
EndProject
Project("{FAE04EC0-301F-11D3-BF4B-00C04F79EFBC}") = "Orders", "Orders\Orders.csproj", "{204A4587-D430-4E1A-8547-64CE600F7F9D}"
EndProject
Project("{FAE04EC0-301F-11D3-BF4B-00C04F79EFBC}") = "CalculatingRectangleArea", "CalculatingRectangleArea\CalculatingRectangleArea.csproj", "{53EE387C-BFD6-44FA-A7B5-5E95108A3335}"
EndProject
Project("{FAE04EC0-301F-11D3-BF4B-00C04F79EFBC}") = "RepeatString", "RepeatString\RepeatString.csproj", "{312E9087-FE93-467B-B609-077BACD98383}"
EndProject
Project("{FAE04EC0-301F-11D3-BF4B-00C04F79EFBC}") = "MathPower", "MathPower\MathPower.csproj", "{7B896C8A-3B97-4BBC-96AE-918DC831A6EA}"
EndProject
Project("{FAE04EC0-301F-11D3-BF4B-00C04F79EFBC}") = "GreaterOfTwoValues", "GreaterOfTwoValues\GreaterOfTwoValues.csproj", "{C8DEE688-9279-4160-8BD4-372F94AC5A28}"
EndProject
Project("{FAE04EC0-301F-11D3-BF4B-00C04F79EFBC}") = "MultiplyEvensByOdds", "MultiplyEvensByOdds\MultiplyEvensByOdds.csproj", "{4DA92048-1E05-4C62-A7D4-38FD3D661681}"
EndProject
Project("{FAE04EC0-301F-11D3-BF4B-00C04F79EFBC}") = "MathOperations", "MathOperations\MathOperations.csproj", "{B0E9B707-B087-41F8-A12D-69A19650AE6F}"
EndProject
Global
	GlobalSection(SolutionConfigurationPlatforms) = preSolution
		Debug|Any CPU = Debug|Any CPU
		Release|Any CPU = Release|Any CPU
	EndGlobalSection
	GlobalSection(ProjectConfigurationPlatforms) = postSolution
		{A6080C5C-B1D6-4BAB-956F-1BB78A76C356}.Debug|Any CPU.ActiveCfg = Debug|Any CPU
		{A6080C5C-B1D6-4BAB-956F-1BB78A76C356}.Debug|Any CPU.Build.0 = Debug|Any CPU
		{A6080C5C-B1D6-4BAB-956F-1BB78A76C356}.Release|Any CPU.ActiveCfg = Release|Any CPU
		{A6080C5C-B1D6-4BAB-956F-1BB78A76C356}.Release|Any CPU.Build.0 = Release|Any CPU
		{D2861A04-BE31-4EE0-B3DD-0A7EC8783AB2}.Debug|Any CPU.ActiveCfg = Debug|Any CPU
		{D2861A04-BE31-4EE0-B3DD-0A7EC8783AB2}.Debug|Any CPU.Build.0 = Debug|Any CPU
		{D2861A04-BE31-4EE0-B3DD-0A7EC8783AB2}.Release|Any CPU.ActiveCfg = Release|Any CPU
		{D2861A04-BE31-4EE0-B3DD-0A7EC8783AB2}.Release|Any CPU.Build.0 = Release|Any CPU
		{620E00DE-B04D-4628-A05A-DB19A3868362}.Debug|Any CPU.ActiveCfg = Debug|Any CPU
		{620E00DE-B04D-4628-A05A-DB19A3868362}.Debug|Any CPU.Build.0 = Debug|Any CPU
		{620E00DE-B04D-4628-A05A-DB19A3868362}.Release|Any CPU.ActiveCfg = Release|Any CPU
		{620E00DE-B04D-4628-A05A-DB19A3868362}.Release|Any CPU.Build.0 = Release|Any CPU
		{1F4615E7-F3F4-4577-91B6-8FC8D417E7A7}.Debug|Any CPU.ActiveCfg = Debug|Any CPU
		{1F4615E7-F3F4-4577-91B6-8FC8D417E7A7}.Debug|Any CPU.Build.0 = Debug|Any CPU
		{1F4615E7-F3F4-4577-91B6-8FC8D417E7A7}.Release|Any CPU.ActiveCfg = Release|Any CPU
		{1F4615E7-F3F4-4577-91B6-8FC8D417E7A7}.Release|Any CPU.Build.0 = Release|Any CPU
		{204A4587-D430-4E1A-8547-64CE600F7F9D}.Debug|Any CPU.ActiveCfg = Debug|Any CPU
		{204A4587-D430-4E1A-8547-64CE600F7F9D}.Debug|Any CPU.Build.0 = Debug|Any CPU
		{204A4587-D430-4E1A-8547-64CE600F7F9D}.Release|Any CPU.ActiveCfg = Release|Any CPU
		{204A4587-D430-4E1A-8547-64CE600F7F9D}.Release|Any CPU.Build.0 = Release|Any CPU
		{53EE387C-BFD6-44FA-A7B5-5E95108A3335}.Debug|Any CPU.ActiveCfg = Debug|Any CPU
		{53EE387C-BFD6-44FA-A7B5-5E95108A3335}.Debug|Any CPU.Build.0 = Debug|Any CPU
		{53EE387C-BFD6-44FA-A7B5-5E95108A3335}.Release|Any CPU.ActiveCfg = Release|Any CPU
		{53EE387C-BFD6-44FA-A7B5-5E95108A3335}.Release|Any CPU.Build.0 = Release|Any CPU
		{312E9087-FE93-467B-B609-077BACD98383}.Debug|Any CPU.ActiveCfg = Debug|Any CPU
		{312E9087-FE93-467B-B609-077BACD98383}.Debug|Any CPU.Build.0 = Debug|Any CPU
		{312E9087-FE93-467B-B609-077BACD98383}.Release|Any CPU.ActiveCfg = Release|Any CPU
		{312E9087-FE93-467B-B609-077BACD98383}.Release|Any CPU.Build.0 = Release|Any CPU
		{7B896C8A-3B97-4BBC-96AE-918DC831A6EA}.Debug|Any CPU.ActiveCfg = Debug|Any CPU
		{7B896C8A-3B97-4BBC-96AE-918DC831A6EA}.Debug|Any CPU.Build.0 = Debug|Any CPU
		{7B896C8A-3B97-4BBC-96AE-918DC831A6EA}.Release|Any CPU.ActiveCfg = Release|Any CPU
		{7B896C8A-3B97-4BBC-96AE-918DC831A6EA}.Release|Any CPU.Build.0 = Release|Any CPU
		{C8DEE688-9279-4160-8BD4-372F94AC5A28}.Debug|Any CPU.ActiveCfg = Debug|Any CPU
		{C8DEE688-9279-4160-8BD4-372F94AC5A28}.Debug|Any CPU.Build.0 = Debug|Any CPU
		{C8DEE688-9279-4160-8BD4-372F94AC5A28}.Release|Any CPU.ActiveCfg = Release|Any CPU
		{C8DEE688-9279-4160-8BD4-372F94AC5A28}.Release|Any CPU.Build.0 = Release|Any CPU
		{4DA92048-1E05-4C62-A7D4-38FD3D661681}.Debug|Any CPU.ActiveCfg = Debug|Any CPU
		{4DA92048-1E05-4C62-A7D4-38FD3D661681}.Debug|Any CPU.Build.0 = Debug|Any CPU
		{4DA92048-1E05-4C62-A7D4-38FD3D661681}.Release|Any CPU.ActiveCfg = Release|Any CPU
		{4DA92048-1E05-4C62-A7D4-38FD3D661681}.Release|Any CPU.Build.0 = Release|Any CPU
		{B0E9B707-B087-41F8-A12D-69A19650AE6F}.Debug|Any CPU.ActiveCfg = Debug|Any CPU
		{B0E9B707-B087-41F8-A12D-69A19650AE6F}.Debug|Any CPU.Build.0 = Debug|Any CPU
		{B0E9B707-B087-41F8-A12D-69A19650AE6F}.Release|Any CPU.ActiveCfg = Release|Any CPU
		{B0E9B707-B087-41F8-A12D-69A19650AE6F}.Release|Any CPU.Build.0 = Release|Any CPU
	EndGlobalSection
	GlobalSection(SolutionProperties) = preSolution
		HideSolutionNode = FALSE
	EndGlobalSection
	GlobalSection(ExtensibilityGlobals) = postSolution
		SolutionGuid = {4E87DDF7-B075-4C44-8857-0C45A45973E3}
	EndGlobalSection
EndGlobal
