
Microsoft Visual Studio Solution File, Format Version 12.00
# Visual Studio Version 16
VisualStudioVersion = 16.0.28902.138
MinimumVisualStudioVersion = 10.0.40219.1
Project("{9A19103F-16F7-4668-BE54-9A1E7A4F7556}") = "AdvertisementMessege", "AdvertisementMessege\AdvertisementMessege.csproj", "{4CF40FB4-EBC7-42D3-A927-EA34AA4DBAD0}"
EndProject
Project("{9A19103F-16F7-4668-BE54-9A1E7A4F7556}") = "Articles", "Articles\Articles.csproj", "{76BB9CA4-767B-41A1-8D4C-C9AFF3AA6AC1}"
EndProject
Project("{FAE04EC0-301F-11D3-BF4B-00C04F79EFBC}") = "Articles2.0", "Articles2.0\Articles2.0.csproj", "{17ECAD66-8790-4B5F-B7FE-509480FCC5B9}"
EndProject
Project("{FAE04EC0-301F-11D3-BF4B-00C04F79EFBC}") = "Students", "Students\Students.csproj", "{59563048-B94F-4EB5-AADC-4267F3060CC8}"
EndProject
Project("{FAE04EC0-301F-11D3-BF4B-00C04F79EFBC}") = "TeamWork", "TeamWork\TeamWork.csproj", "{45C8775E-9C68-4CCE-ABA4-998C9EC0101C}"
EndProject
Global
	GlobalSection(SolutionConfigurationPlatforms) = preSolution
		Debug|Any CPU = Debug|Any CPU
		Release|Any CPU = Release|Any CPU
	EndGlobalSection
	GlobalSection(ProjectConfigurationPlatforms) = postSolution
		{4CF40FB4-EBC7-42D3-A927-EA34AA4DBAD0}.Debug|Any CPU.ActiveCfg = Debug|Any CPU
		{4CF40FB4-EBC7-42D3-A927-EA34AA4DBAD0}.Debug|Any CPU.Build.0 = Debug|Any CPU
		{4CF40FB4-EBC7-42D3-A927-EA34AA4DBAD0}.Release|Any CPU.ActiveCfg = Release|Any CPU
		{4CF40FB4-EBC7-42D3-A927-EA34AA4DBAD0}.Release|Any CPU.Build.0 = Release|Any CPU
		{76BB9CA4-767B-41A1-8D4C-C9AFF3AA6AC1}.Debug|Any CPU.ActiveCfg = Debug|Any CPU
		{76BB9CA4-767B-41A1-8D4C-C9AFF3AA6AC1}.Debug|Any CPU.Build.0 = Debug|Any CPU
		{76BB9CA4-767B-41A1-8D4C-C9AFF3AA6AC1}.Release|Any CPU.ActiveCfg = Release|Any CPU
		{76BB9CA4-767B-41A1-8D4C-C9AFF3AA6AC1}.Release|Any CPU.Build.0 = Release|Any CPU
		{17ECAD66-8790-4B5F-B7FE-509480FCC5B9}.Debug|Any CPU.ActiveCfg = Debug|Any CPU
		{17ECAD66-8790-4B5F-B7FE-509480FCC5B9}.Debug|Any CPU.Build.0 = Debug|Any CPU
		{17ECAD66-8790-4B5F-B7FE-509480FCC5B9}.Release|Any CPU.ActiveCfg = Release|Any CPU
		{17ECAD66-8790-4B5F-B7FE-509480FCC5B9}.Release|Any CPU.Build.0 = Release|Any CPU
		{59563048-B94F-4EB5-AADC-4267F3060CC8}.Debug|Any CPU.ActiveCfg = Debug|Any CPU
		{59563048-B94F-4EB5-AADC-4267F3060CC8}.Debug|Any CPU.Build.0 = Debug|Any CPU
		{59563048-B94F-4EB5-AADC-4267F3060CC8}.Release|Any CPU.ActiveCfg = Release|Any CPU
		{59563048-B94F-4EB5-AADC-4267F3060CC8}.Release|Any CPU.Build.0 = Release|Any CPU
		{45C8775E-9C68-4CCE-ABA4-998C9EC0101C}.Debug|Any CPU.ActiveCfg = Debug|Any CPU
		{45C8775E-9C68-4CCE-ABA4-998C9EC0101C}.Debug|Any CPU.Build.0 = Debug|Any CPU
		{45C8775E-9C68-4CCE-ABA4-998C9EC0101C}.Release|Any CPU.ActiveCfg = Release|Any CPU
		{45C8775E-9C68-4CCE-ABA4-998C9EC0101C}.Release|Any CPU.Build.0 = Release|Any CPU
	EndGlobalSection
	GlobalSection(SolutionProperties) = preSolution
		HideSolutionNode = FALSE
	EndGlobalSection
	GlobalSection(ExtensibilityGlobals) = postSolution
		SolutionGuid = {3DAA4184-D619-41B5-BC48-FA6C8E5BBB13}
	EndGlobalSection
EndGlobal
